
Microsoft Visual Studio Solution File, Format Version 12.00
# Visual Studio Version 16
VisualStudioVersion = 16.0.29411.108
MinimumVisualStudioVersion = 10.0.40219.1
Project("{FAE04EC0-301F-11D3-BF4B-00C04F79EFBC}") = "CsvToXlsx", "CsvToXlsx\CsvToXlsx.csproj", "{D2294611-636C-46C1-9A4F-824CCF68C7E8}"
EndProject
Global
	GlobalSection(SolutionConfigurationPlatforms) = preSolution
		Debug|Any CPU = Debug|Any CPU
		Release|Any CPU = Release|Any CPU
	EndGlobalSection
	GlobalSection(ProjectConfigurationPlatforms) = postSolution
		{D2294611-636C-46C1-9A4F-824CCF68C7E8}.Debug|Any CPU.ActiveCfg = Debug|Any CPU
		{D2294611-636C-46C1-9A4F-824CCF68C7E8}.Debug|Any CPU.Build.0 = Debug|Any CPU
		{D2294611-636C-46C1-9A4F-824CCF68C7E8}.Release|Any CPU.ActiveCfg = Release|Any CPU
		{D2294611-636C-46C1-9A4F-824CCF68C7E8}.Release|Any CPU.Build.0 = Release|Any CPU
	EndGlobalSection
	GlobalSection(SolutionProperties) = preSolution
		HideSolutionNode = FALSE
	EndGlobalSection
	GlobalSection(ExtensibilityGlobals) = postSolution
		SolutionGuid = {3BA8DDC5-4C81-4F18-A7DD-FDE69BDC01F4}
	EndGlobalSection
EndGlobal
